
Microsoft Visual Studio Solution File, Format Version 12.00
# Visual Studio Version 17
VisualStudioVersion = 17.9.34714.143
MinimumVisualStudioVersion = 10.0.40219.1
Project("{6EC3EE1D-3C4E-46DD-8F32-0CC8E7565705}") = "brdo", "brdo.fsproj", "{3A7635D3-9C77-46A4-BBBE-339F99830ABF}"
EndProject
Global
	GlobalSection(SolutionConfigurationPlatforms) = preSolution
		Debug|Any CPU = Debug|Any CPU
		Release|Any CPU = Release|Any CPU
	EndGlobalSection
	GlobalSection(ProjectConfigurationPlatforms) = postSolution
		{3A7635D3-9C77-46A4-BBBE-339F99830ABF}.Debug|Any CPU.ActiveCfg = Debug|Any CPU
		{3A7635D3-9C77-46A4-BBBE-339F99830ABF}.Debug|Any CPU.Build.0 = Debug|Any CPU
		{3A7635D3-9C77-46A4-BBBE-339F99830ABF}.Release|Any CPU.ActiveCfg = Release|Any CPU
		{3A7635D3-9C77-46A4-BBBE-339F99830ABF}.Release|Any CPU.Build.0 = Release|Any CPU
	EndGlobalSection
	GlobalSection(SolutionProperties) = preSolution
		HideSolutionNode = FALSE
	EndGlobalSection
	GlobalSection(ExtensibilityGlobals) = postSolution
		SolutionGuid = {7EEC1274-9F1D-42B7-9CF5-B3602F24504E}
	EndGlobalSection
EndGlobal
